
Microsoft Visual Studio Solution File, Format Version 12.00
# Visual Studio Version 17
VisualStudioVersion = 17.7.34221.43
MinimumVisualStudioVersion = 10.0.40219.1
Project("{9A19103F-16F7-4668-BE54-9A1E7A4F7556}") = "rollback_test", "rollback_test.csproj", "{FEA0BC49-F15E-4930-8847-8369E1E930F0}"
EndProject
Global
	GlobalSection(SolutionConfigurationPlatforms) = preSolution
		Debug|Any CPU = Debug|Any CPU
		Release|Any CPU = Release|Any CPU
	EndGlobalSection
	GlobalSection(ProjectConfigurationPlatforms) = postSolution
		{FEA0BC49-F15E-4930-8847-8369E1E930F0}.Debug|Any CPU.ActiveCfg = Debug|Any CPU
		{FEA0BC49-F15E-4930-8847-8369E1E930F0}.Debug|Any CPU.Build.0 = Debug|Any CPU
		{FEA0BC49-F15E-4930-8847-8369E1E930F0}.Release|Any CPU.ActiveCfg = Release|Any CPU
		{FEA0BC49-F15E-4930-8847-8369E1E930F0}.Release|Any CPU.Build.0 = Release|Any CPU
	EndGlobalSection
	GlobalSection(SolutionProperties) = preSolution
		HideSolutionNode = FALSE
	EndGlobalSection
	GlobalSection(ExtensibilityGlobals) = postSolution
		SolutionGuid = {60FF63DC-A8D1-43DB-A18E-C6A60D1D0346}
	EndGlobalSection
EndGlobal
